// !$*UTF8*$!
{
	archiveVersion = 1;
	classes = {
	};
	objectVersion = 55;
	objects = {

/* Begin PBXBuildFile section */
		8905DCF8275786DD00DF4C0D /* MoonShotApp.swift in Sources */ = {isa = PBXBuildFile; fileRef = 8905DCF7275786DD00DF4C0D /* MoonShotApp.swift */; };
		8905DCFA275786DD00DF4C0D /* ContentView.swift in Sources */ = {isa = PBXBuildFile; fileRef = 8905DCF9275786DD00DF4C0D /* ContentView.swift */; };
		8905DCFC275786E000DF4C0D /* Assets.xcassets in Resources */ = {isa = PBXBuildFile; fileRef = 8905DCFB275786E000DF4C0D /* Assets.xcassets */; };
		8905DCFF275786E000DF4C0D /* Preview Assets.xcassets in Resources */ = {isa = PBXBuildFile; fileRef = 8905DCFE275786E000DF4C0D /* Preview Assets.xcassets */; };
		8905DD062757892D00DF4C0D /* astronauts.json in Resources */ = {isa = PBXBuildFile; fileRef = 8905DD052757892D00DF4C0D /* astronauts.json */; };
		8905DD082757893700DF4C0D /* missions.json in Resources */ = {isa = PBXBuildFile; fileRef = 8905DD072757893700DF4C0D /* missions.json */; };
		8905DD0A2757896B00DF4C0D /* MissionView.swift in Sources */ = {isa = PBXBuildFile; fileRef = 8905DD092757896B00DF4C0D /* MissionView.swift */; };
		8905DD0C275789A500DF4C0D /* AstronautView.swift in Sources */ = {isa = PBXBuildFile; fileRef = 8905DD0B275789A500DF4C0D /* AstronautView.swift */; };
		8905DD0E275789EC00DF4C0D /* Color-Theme.swift in Sources */ = {isa = PBXBuildFile; fileRef = 8905DD0D275789EC00DF4C0D /* Color-Theme.swift */; };
		8905DD1027578A2200DF4C0D /* Astronaut.swift in Sources */ = {isa = PBXBuildFile; fileRef = 8905DD0F27578A2200DF4C0D /* Astronaut.swift */; };
		8905DD1227578A2B00DF4C0D /* Mission.swift in Sources */ = {isa = PBXBuildFile; fileRef = 8905DD1127578A2B00DF4C0D /* Mission.swift */; };
		8905DD1427578A7600DF4C0D /* Bundle-Decodable.swift in Sources */ = {isa = PBXBuildFile; fileRef = 8905DD1327578A7600DF4C0D /* Bundle-Decodable.swift */; };
/* End PBXBuildFile section */

/* Begin PBXFileReference section */
		8905DCF4275786DD00DF4C0D /* MoonShot.app */ = {isa = PBXFileReference; explicitFileType = wrapper.application; includeInIndex = 0; path = MoonShot.app; sourceTree = BUILT_PRODUCTS_DIR; };
		8905DCF7275786DD00DF4C0D /* MoonShotApp.swift */ = {isa = PBXFileReference; lastKnownFileType = sourcecode.swift; path = MoonShotApp.swift; sourceTree = "<group>"; };
		8905DCF9275786DD00DF4C0D /* ContentView.swift */ = {isa = PBXFileReference; lastKnownFileType = sourcecode.swift; path = ContentView.swift; sourceTree = "<group>"; };
		8905DCFB275786E000DF4C0D /* Assets.xcassets */ = {isa = PBXFileReference; lastKnownFileType = folder.assetcatalog; path = Assets.xcassets; sourceTree = "<group>"; };
		8905DCFE275786E000DF4C0D /* Preview Assets.xcassets */ = {isa = PBXFileReference; lastKnownFileType = folder.assetcatalog; path = "Preview Assets.xcassets"; sourceTree = "<group>"; };
		8905DD052757892D00DF4C0D /* astronauts.json */ = {isa = PBXFileReference; fileEncoding = 4; lastKnownFileType = text.json; path = astronauts.json; sourceTree = "<group>"; };
		8905DD072757893700DF4C0D /* missions.json */ = {isa = PBXFileReference; fileEncoding = 4; lastKnownFileType = text.json; path = missions.json; sourceTree = "<group>"; };
		8905DD092757896B00DF4C0D /* MissionView.swift */ = {isa = PBXFileReference; lastKnownFileType = sourcecode.swift; path = MissionView.swift; sourceTree = "<group>"; };
		8905DD0B275789A500DF4C0D /* AstronautView.swift */ = {isa = PBXFileReference; lastKnownFileType = sourcecode.swift; path = AstronautView.swift; sourceTree = "<group>"; };
		8905DD0D275789EC00DF4C0D /* Color-Theme.swift */ = {isa = PBXFileReference; lastKnownFileType = sourcecode.swift; path = "Color-Theme.swift"; sourceTree = "<group>"; };
		8905DD0F27578A2200DF4C0D /* Astronaut.swift */ = {isa = PBXFileReference; lastKnownFileType = sourcecode.swift; path = Astronaut.swift; sourceTree = "<group>"; };
		8905DD1127578A2B00DF4C0D /* Mission.swift */ = {isa = PBXFileReference; lastKnownFileType = sourcecode.swift; path = Mission.swift; sourceTree = "<group>"; };
		8905DD1327578A7600DF4C0D /* Bundle-Decodable.swift */ = {isa = PBXFileReference; lastKnownFileType = sourcecode.swift; path = "Bundle-Decodable.swift"; sourceTree = "<group>"; };
/* End PBXFileReference section */

/* Begin PBXFrameworksBuildPhase section */
		8905DCF1275786DD00DF4C0D /* Frameworks */ = {
			isa = PBXFrameworksBuildPhase;
			buildActionMask = 2147483647;
			files = (
			);
			runOnlyForDeploymentPostprocessing = 0;
		};
/* End PBXFrameworksBuildPhase section */

/* Begin PBXGroup section */
		8905DCEB275786DD00DF4C0D = {
			isa = PBXGroup;
			children = (
				8905DCF6275786DD00DF4C0D /* MoonShot */,
				8905DCF5275786DD00DF4C0D /* Products */,
			);
			sourceTree = "<group>";
		};
		8905DCF5275786DD00DF4C0D /* Products */ = {
			isa = PBXGroup;
			children = (
				8905DCF4275786DD00DF4C0D /* MoonShot.app */,
			);
			name = Products;
			sourceTree = "<group>";
		};
		8905DCF6275786DD00DF4C0D /* MoonShot */ = {
			isa = PBXGroup;
			children = (
				8905DCF7275786DD00DF4C0D /* MoonShotApp.swift */,
				8905DCF9275786DD00DF4C0D /* ContentView.swift */,
				8905DD092757896B00DF4C0D /* MissionView.swift */,
				8905DD0B275789A500DF4C0D /* AstronautView.swift */,
				8905DD0D275789EC00DF4C0D /* Color-Theme.swift */,
				8905DD0F27578A2200DF4C0D /* Astronaut.swift */,
				8905DD1327578A7600DF4C0D /* Bundle-Decodable.swift */,
				8905DD1127578A2B00DF4C0D /* Mission.swift */,
				8905DCFB275786E000DF4C0D /* Assets.xcassets */,
				8905DD052757892D00DF4C0D /* astronauts.json */,
				8905DD072757893700DF4C0D /* missions.json */,
				8905DCFD275786E000DF4C0D /* Preview Content */,
			);
			path = MoonShot;
			sourceTree = "<group>";
		};
		8905DCFD275786E000DF4C0D /* Preview Content */ = {
			isa = PBXGroup;
			children = (
				8905DCFE275786E000DF4C0D /* Preview Assets.xcassets */,
			);
			path = "Preview Content";
			sourceTree = "<group>";
		};
/* End PBXGroup section */

/* Begin PBXNativeTarget section */
		8905DCF3275786DD00DF4C0D /* MoonShot */ = {
			isa = PBXNativeTarget;
			buildConfigurationList = 8905DD02275786E000DF4C0D /* Build configuration list for PBXNativeTarget "MoonShot" */;
			buildPhases = (
				8905DCF0275786DD00DF4C0D /* Sources */,
				8905DCF1275786DD00DF4C0D /* Frameworks */,
				8905DCF2275786DD00DF4C0D /* Resources */,
			);
			buildRules = (
			);
			dependencies = (
			);
			name = MoonShot;
			productName = MoonShot;
			productReference = 8905DCF4275786DD00DF4C0D /* MoonShot.app */;
			productType = "com.apple.product-type.application";
		};
/* End PBXNativeTarget section */

/* Begin PBXProject section */
		8905DCEC275786DD00DF4C0D /* Project object */ = {
			isa = PBXProject;
			attributes = {
				BuildIndependentTargetsInParallel = 1;
				LastSwiftUpdateCheck = 1310;
				LastUpgradeCheck = 1310;
				TargetAttributes = {
					8905DCF3275786DD00DF4C0D = {
						CreatedOnToolsVersion = 13.1;
					};
				};
			};
			buildConfigurationList = 8905DCEF275786DD00DF4C0D /* Build configuration list for PBXProject "MoonShot" */;
			compatibilityVersion = "Xcode 13.0";
			developmentRegion = en;
			hasScannedForEncodings = 0;
			knownRegions = (
				en,
				Base,
			);
			mainGroup = 8905DCEB275786DD00DF4C0D;
			productRefGroup = 8905DCF5275786DD00DF4C0D /* Products */;
			projectDirPath = "";
			projectRoot = "";
			targets = (
				8905DCF3275786DD00DF4C0D /* MoonShot */,
			);
		};
/* End PBXProject section */

/* Begin PBXResourcesBuildPhase section */
		8905DCF2275786DD00DF4C0D /* Resources */ = {
			isa = PBXResourcesBuildPhase;
			buildActionMask = 2147483647;
			files = (
				8905DD062757892D00DF4C0D /* astronauts.json in Resources */,
				8905DCFF275786E000DF4C0D /* Preview Assets.xcassets in Resources */,
				8905DD082757893700DF4C0D /* missions.json in Resources */,
				8905DCFC275786E000DF4C0D /* Assets.xcassets in Resources */,
			);
			runOnlyForDeploymentPostprocessing = 0;
		};
/* End PBXResourcesBuildPhase section */

/* Begin PBXSourcesBuildPhase section */
		8905DCF0275786DD00DF4C0D /* Sources */ = {
			isa = PBXSourcesBuildPhase;
			buildActionMask = 2147483647;
			files = (
				8905DCFA275786DD00DF4C0D /* ContentView.swift in Sources */,
				8905DCF8275786DD00DF4C0D /* MoonShotApp.swift in Sources */,
				8905DD0C275789A500DF4C0D /* AstronautView.swift in Sources */,
				8905DD1427578A7600DF4C0D /* Bundle-Decodable.swift in Sources */,
				8905DD1027578A2200DF4C0D /* Astronaut.swift in Sources */,
				8905DD0A2757896B00DF4C0D /* MissionView.swift in Sources */,
				8905DD1227578A2B00DF4C0D /* Mission.swift in Sources */,
				8905DD0E275789EC00DF4C0D /* Color-Theme.swift in Sources */,
			);
			runOnlyForDeploymentPostprocessing = 0;
		};
/* End PBXSourcesBuildPhase section */

/* Begin XCBuildConfiguration section */
		8905DD00275786E000DF4C0D /* Debug */ = {
			isa = XCBuildConfiguration;
			buildSettings = {
				ALWAYS_SEARCH_USER_PATHS = NO;
				CLANG_ANALYZER_NONNULL = YES;
				CLANG_ANALYZER_NUMBER_OBJECT_CONVERSION = YES_AGGRESSIVE;
				CLANG_CXX_LANGUAGE_STANDARD = "gnu++17";
				CLANG_CXX_LIBRARY = "libc++";
				CLANG_ENABLE_MODULES = YES;
				CLANG_ENABLE_OBJC_ARC = YES;
				CLANG_ENABLE_OBJC_WEAK = YES;
				CLANG_WARN_BLOCK_CAPTURE_AUTORELEASING = YES;
				CLANG_WARN_BOOL_CONVERSION = YES;
				CLANG_WARN_COMMA = YES;
				CLANG_WARN_CONSTANT_CONVERSION = YES;
				CLANG_WARN_DEPRECATED_OBJC_IMPLEMENTATIONS = YES;
				CLANG_WARN_DIRECT_OBJC_ISA_USAGE = YES_ERROR;
				CLANG_WARN_DOCUMENTATION_COMMENTS = YES;
				CLANG_WARN_EMPTY_BODY = YES;
				CLANG_WARN_ENUM_CONVERSION = YES;
				CLANG_WARN_INFINITE_RECURSION = YES;
				CLANG_WARN_INT_CONVERSION = YES;
				CLANG_WARN_NON_LITERAL_NULL_CONVERSION = YES;
				CLANG_WARN_OBJC_IMPLICIT_RETAIN_SELF = YES;
				CLANG_WARN_OBJC_LITERAL_CONVERSION = YES;
				CLANG_WARN_OBJC_ROOT_CLASS = YES_ERROR;
				CLANG_WARN_QUOTED_INCLUDE_IN_FRAMEWORK_HEADER = YES;
				CLANG_WARN_RANGE_LOOP_ANALYSIS = YES;
				CLANG_WARN_STRICT_PROTOTYPES = YES;
				CLANG_WARN_SUSPICIOUS_MOVE = YES;
				CLANG_WARN_UNGUARDED_AVAILABILITY = YES_AGGRESSIVE;
				CLANG_WARN_UNREACHABLE_CODE = YES;
				CLANG_WARN__DUPLICATE_METHOD_MATCH = YES;
				COPY_PHASE_STRIP = NO;
				DEBUG_INFORMATION_FORMAT = dwarf;
				ENABLE_STRICT_OBJC_MSGSEND = YES;
				ENABLE_TESTABILITY = YES;
				GCC_C_LANGUAGE_STANDARD = gnu11;
				GCC_DYNAMIC_NO_PIC = NO;
				GCC_NO_COMMON_BLOCKS = YES;
				GCC_OPTIMIZATION_LEVEL = 0;
				GCC_PREPROCESSOR_DEFINITIONS = (
					"DEBUG=1",
					"$(inherited)",
				);
				GCC_WARN_64_TO_32_BIT_CONVERSION = YES;
				GCC_WARN_ABOUT_RETURN_TYPE = YES_ERROR;
				GCC_WARN_UNDECLARED_SELECTOR = YES;
				GCC_WARN_UNINITIALIZED_AUTOS = YES_AGGRESSIVE;
				GCC_WARN_UNUSED_FUNCTION = YES;
				GCC_WARN_UNUSED_VARIABLE = YES;
				IPHONEOS_DEPLOYMENT_TARGET = 15.0;
				MTL_ENABLE_DEBUG_INFO = INCLUDE_SOURCE;
				MTL_FAST_MATH = YES;
				ONLY_ACTIVE_ARCH = YES;
				SDKROOT = iphoneos;
				SWIFT_ACTIVE_COMPILATION_CONDITIONS = DEBUG;
				SWIFT_OPTIMIZATION_LEVEL = "-Onone";
			};
			name = Debug;
		};
		8905DD01275786E000DF4C0D /* Release */ = {
			isa = XCBuildConfiguration;
			buildSettings = {
				ALWAYS_SEARCH_USER_PATHS = NO;
				CLANG_ANALYZER_NONNULL = YES;
				CLANG_ANALYZER_NUMBER_OBJECT_CONVERSION = YES_AGGRESSIVE;
				CLANG_CXX_LANGUAGE_STANDARD = "gnu++17";
				CLANG_CXX_LIBRARY = "libc++";
				CLANG_ENABLE_MODULES = YES;
				CLANG_ENABLE_OBJC_ARC = YES;
				CLANG_ENABLE_OBJC_WEAK = YES;
				CLANG_WARN_BLOCK_CAPTURE_AUTORELEASING = YES;
				CLANG_WARN_BOOL_CONVERSION = YES;
				CLANG_WARN_COMMA = YES;
				CLANG_WARN_CONSTANT_CONVERSION = YES;
				CLANG_WARN_DEPRECATED_OBJC_IMPLEMENTATIONS = YES;
				CLANG_WARN_DIRECT_OBJC_ISA_USAGE = YES_ERROR;
				CLANG_WARN_DOCUMENTATION_COMMENTS = YES;
				CLANG_WARN_EMPTY_BODY = YES;
				CLANG_WARN_ENUM_CONVERSION = YES;
				CLANG_WARN_INFINITE_RECURSION = YES;
				CLANG_WARN_INT_CONVERSION = YES;
				CLANG_WARN_NON_LITERAL_NULL_CONVERSION = YES;
				CLANG_WARN_OBJC_IMPLICIT_RETAIN_SELF = YES;
				CLANG_WARN_OBJC_LITERAL_CONVERSION = YES;
				CLANG_WARN_OBJC_ROOT_CLASS = YES_ERROR;
				CLANG_WARN_QUOTED_INCLUDE_IN_FRAMEWORK_HEADER = YES;
				CLANG_WARN_RANGE_LOOP_ANALYSIS = YES;
				CLANG_WARN_STRICT_PROTOTYPES = YES;
				CLANG_WARN_SUSPICIOUS_MOVE = YES;
				CLANG_WARN_UNGUARDED_AVAILABILITY = YES_AGGRESSIVE;
				CLANG_WARN_UNREACHABLE_CODE = YES;
				CLANG_WARN__DUPLICATE_METHOD_MATCH = YES;
				COPY_PHASE_STRIP = NO;
				DEBUG_INFORMATION_FORMAT = "dwarf-with-dsym";
				ENABLE_NS_ASSERTIONS = NO;
				ENABLE_STRICT_OBJC_MSGSEND = YES;
				GCC_C_LANGUAGE_STANDARD = gnu11;
				GCC_NO_COMMON_BLOCKS = YES;
				GCC_WARN_64_TO_32_BIT_CONVERSION = YES;
				GCC_WARN_ABOUT_RETURN_TYPE = YES_ERROR;
				GCC_WARN_UNDECLARED_SELECTOR = YES;
				GCC_WARN_UNINITIALIZED_AUTOS = YES_AGGRESSIVE;
				GCC_WARN_UNUSED_FUNCTION = YES;
				GCC_WARN_UNUSED_VARIABLE = YES;
				IPHONEOS_DEPLOYMENT_TARGET = 15.0;
				MTL_ENABLE_DEBUG_INFO = NO;
				MTL_FAST_MATH = YES;
				SDKROOT = iphoneos;
				SWIFT_COMPILATION_MODE = wholemodule;
				SWIFT_OPTIMIZATION_LEVEL = "-O";
				VALIDATE_PRODUCT = YES;
			};
			name = Release;
		};
		8905DD03275786E000DF4C0D /* Debug */ = {
			isa = XCBuildConfiguration;
			buildSettings = {
				ASSETCATALOG_COMPILER_APPICON_NAME = AppIcon;
				ASSETCATALOG_COMPILER_GLOBAL_ACCENT_COLOR_NAME = AccentColor;
				CODE_SIGN_STYLE = Automatic;
				CURRENT_PROJECT_VERSION = 1;
				DEVELOPMENT_ASSET_PATHS = "\"MoonShot/Preview Content\"";
				DEVELOPMENT_TEAM = P5BAPBZ387;
				ENABLE_PREVIEWS = YES;
				GENERATE_INFOPLIST_FILE = YES;
				INFOPLIST_KEY_UIApplicationSceneManifest_Generation = YES;
				INFOPLIST_KEY_UIApplicationSupportsIndirectInputEvents = YES;
				INFOPLIST_KEY_UILaunchScreen_Generation = YES;
				INFOPLIST_KEY_UISupportedInterfaceOrientations_iPad = "UIInterfaceOrientationPortrait UIInterfaceOrientationPortraitUpsideDown UIInterfaceOrientationLandscapeLeft UIInterfaceOrientationLandscapeRight";
				INFOPLIST_KEY_UISupportedInterfaceOrientations_iPhone = "UIInterfaceOrientationPortrait UIInterfaceOrientationLandscapeLeft UIInterfaceOrientationLandscapeRight";
				LD_RUNPATH_SEARCH_PATHS = (
					"$(inherited)",
					"@executable_path/Frameworks",
				);
				MARKETING_VERSION = 1.0;
				PRODUCT_BUNDLE_IDENTIFIER = evilroot.com.MoonShot;
				PRODUCT_NAME = "$(TARGET_NAME)";
				SWIFT_EMIT_LOC_STRINGS = YES;
				SWIFT_VERSION = 5.0;
				TARGETED_DEVICE_FAMILY = "1,2";
			};
			name = Debug;
		};
		8905DD04275786E000DF4C0D /* Release */ = {
			isa = XCBuildConfiguration;
			buildSettings = {
				ASSETCATALOG_COMPILER_APPICON_NAME = AppIcon;
				ASSETCATALOG_COMPILER_GLOBAL_ACCENT_COLOR_NAME = AccentColor;
				CODE_SIGN_STYLE = Automatic;
				CURRENT_PROJECT_VERSION = 1;
				DEVELOPMENT_ASSET_PATHS = "\"MoonShot/Preview Content\"";
				DEVELOPMENT_TEAM = P5BAPBZ387;
				ENABLE_PREVIEWS = YES;
				GENERATE_INFOPLIST_FILE = YES;
				INFOPLIST_KEY_UIApplicationSceneManifest_Generation = YES;
				INFOPLIST_KEY_UIApplicationSupportsIndirectInputEvents = YES;
				INFOPLIST_KEY_UILaunchScreen_Generation = YES;
				INFOPLIST_KEY_UISupportedInterfaceOrientations_iPad = "UIInterfaceOrientationPortrait UIInterfaceOrientationPortraitUpsideDown UIInterfaceOrientationLandscapeLeft UIInterfaceOrientationLandscapeRight";
				INFOPLIST_KEY_UISupportedInterfaceOrientations_iPhone = "UIInterfaceOrientationPortrait UIInterfaceOrientationLandscapeLeft UIInterfaceOrientationLandscapeRight";
				LD_RUNPATH_SEARCH_PATHS = (
					"$(inherited)",
					"@executable_path/Frameworks",
				);
				MARKETING_VERSION = 1.0;
				PRODUCT_BUNDLE_IDENTIFIER = evilroot.com.MoonShot;
				PRODUCT_NAME = "$(TARGET_NAME)";
				SWIFT_EMIT_LOC_STRINGS = YES;
				SWIFT_VERSION = 5.0;
				TARGETED_DEVICE_FAMILY = "1,2";
			};
			name = Release;
		};
/* End XCBuildConfiguration section */

/* Begin XCConfigurationList section */
		8905DCEF275786DD00DF4C0D /* Build configuration list for PBXProject "MoonShot" */ = {
			isa = XCConfigurationList;
			buildConfigurations = (
				8905DD00275786E000DF4C0D /* Debug */,
				8905DD01275786E000DF4C0D /* Release */,
			);
			defaultConfigurationIsVisible = 0;
			defaultConfigurationName = Release;
		};
		8905DD02275786E000DF4C0D /* Build configuration list for PBXNativeTarget "MoonShot" */ = {
			isa = XCConfigurationList;
			buildConfigurations = (
				8905DD03275786E000DF4C0D /* Debug */,
				8905DD04275786E000DF4C0D /* Release */,
			);
			defaultConfigurationIsVisible = 0;
			defaultConfigurationName = Release;
		};
/* End XCConfigurationList section */
	};
	rootObject = 8905DCEC275786DD00DF4C0D /* Project object */;
}
