// !$*UTF8*$!
{
	archiveVersion = 1;
	classes = {
	};
	objectVersion = 55;
	objects = {

/* Begin PBXBuildFile section */
		89C8BF1C2764BCD000C0EFF1 /* RatingView.swift in Sources */ = {isa = PBXBuildFile; fileRef = 89C8BF1B2764BCD000C0EFF1 /* RatingView.swift */; };
		89C8BF1E2764C05100C0EFF1 /* EmojiRatingView.swift in Sources */ = {isa = PBXBuildFile; fileRef = 89C8BF1D2764C05100C0EFF1 /* EmojiRatingView.swift */; };
		89C8BF202764C35A00C0EFF1 /* DetailView.swift in Sources */ = {isa = PBXBuildFile; fileRef = 89C8BF1F2764C35A00C0EFF1 /* DetailView.swift */; };
		89FD3DFB27636A5B00EA8F2F /* BookwormApp.swift in Sources */ = {isa = PBXBuildFile; fileRef = 89FD3DFA27636A5B00EA8F2F /* BookwormApp.swift */; };
		89FD3DFD27636A5B00EA8F2F /* ContentView.swift in Sources */ = {isa = PBXBuildFile; fileRef = 89FD3DFC27636A5B00EA8F2F /* ContentView.swift */; };
		89FD3DFF27636A5D00EA8F2F /* Assets.xcassets in Resources */ = {isa = PBXBuildFile; fileRef = 89FD3DFE27636A5D00EA8F2F /* Assets.xcassets */; };
		89FD3E0227636A5D00EA8F2F /* Preview Assets.xcassets in Resources */ = {isa = PBXBuildFile; fileRef = 89FD3E0127636A5D00EA8F2F /* Preview Assets.xcassets */; };
		89FD3E0A27636AAA00EA8F2F /* CustomView.swift in Sources */ = {isa = PBXBuildFile; fileRef = 89FD3E0927636AAA00EA8F2F /* CustomView.swift */; };
		89FD3E0C27636D8300EA8F2F /* MultiLineView.swift in Sources */ = {isa = PBXBuildFile; fileRef = 89FD3E0B27636D8300EA8F2F /* MultiLineView.swift */; };
		89FD3E0E27636F2000EA8F2F /* CoreDataView.swift in Sources */ = {isa = PBXBuildFile; fileRef = 89FD3E0D27636F2000EA8F2F /* CoreDataView.swift */; };
		89FD3E1127636FE200EA8F2F /* Bookworm.xcdatamodeld in Sources */ = {isa = PBXBuildFile; fileRef = 89FD3E0F27636FE200EA8F2F /* Bookworm.xcdatamodeld */; };
		89FD3E132763705D00EA8F2F /* DataController.swift in Sources */ = {isa = PBXBuildFile; fileRef = 89FD3E122763705D00EA8F2F /* DataController.swift */; };
		89FD3E1527637B6100EA8F2F /* AddBookView.swift in Sources */ = {isa = PBXBuildFile; fileRef = 89FD3E1427637B6100EA8F2F /* AddBookView.swift */; };
/* End PBXBuildFile section */

/* Begin PBXFileReference section */
		89C8BF1B2764BCD000C0EFF1 /* RatingView.swift */ = {isa = PBXFileReference; lastKnownFileType = sourcecode.swift; path = RatingView.swift; sourceTree = "<group>"; };
		89C8BF1D2764C05100C0EFF1 /* EmojiRatingView.swift */ = {isa = PBXFileReference; lastKnownFileType = sourcecode.swift; path = EmojiRatingView.swift; sourceTree = "<group>"; };
		89C8BF1F2764C35A00C0EFF1 /* DetailView.swift */ = {isa = PBXFileReference; lastKnownFileType = sourcecode.swift; path = DetailView.swift; sourceTree = "<group>"; };
		89FD3DF727636A5B00EA8F2F /* Bookworm.app */ = {isa = PBXFileReference; explicitFileType = wrapper.application; includeInIndex = 0; path = Bookworm.app; sourceTree = BUILT_PRODUCTS_DIR; };
		89FD3DFA27636A5B00EA8F2F /* BookwormApp.swift */ = {isa = PBXFileReference; lastKnownFileType = sourcecode.swift; path = BookwormApp.swift; sourceTree = "<group>"; };
		89FD3DFC27636A5B00EA8F2F /* ContentView.swift */ = {isa = PBXFileReference; lastKnownFileType = sourcecode.swift; path = ContentView.swift; sourceTree = "<group>"; };
		89FD3DFE27636A5D00EA8F2F /* Assets.xcassets */ = {isa = PBXFileReference; lastKnownFileType = folder.assetcatalog; path = Assets.xcassets; sourceTree = "<group>"; };
		89FD3E0127636A5D00EA8F2F /* Preview Assets.xcassets */ = {isa = PBXFileReference; lastKnownFileType = folder.assetcatalog; path = "Preview Assets.xcassets"; sourceTree = "<group>"; };
		89FD3E0927636AAA00EA8F2F /* CustomView.swift */ = {isa = PBXFileReference; lastKnownFileType = sourcecode.swift; path = CustomView.swift; sourceTree = "<group>"; };
		89FD3E0B27636D8300EA8F2F /* MultiLineView.swift */ = {isa = PBXFileReference; lastKnownFileType = sourcecode.swift; path = MultiLineView.swift; sourceTree = "<group>"; };
		89FD3E0D27636F2000EA8F2F /* CoreDataView.swift */ = {isa = PBXFileReference; lastKnownFileType = sourcecode.swift; path = CoreDataView.swift; sourceTree = "<group>"; };
		89FD3E1027636FE200EA8F2F /* Bookworm.xcdatamodel */ = {isa = PBXFileReference; lastKnownFileType = wrapper.xcdatamodel; path = Bookworm.xcdatamodel; sourceTree = "<group>"; };
		89FD3E122763705D00EA8F2F /* DataController.swift */ = {isa = PBXFileReference; lastKnownFileType = sourcecode.swift; path = DataController.swift; sourceTree = "<group>"; };
		89FD3E1427637B6100EA8F2F /* AddBookView.swift */ = {isa = PBXFileReference; lastKnownFileType = sourcecode.swift; path = AddBookView.swift; sourceTree = "<group>"; };
/* End PBXFileReference section */

/* Begin PBXFrameworksBuildPhase section */
		89FD3DF427636A5B00EA8F2F /* Frameworks */ = {
			isa = PBXFrameworksBuildPhase;
			buildActionMask = 2147483647;
			files = (
			);
			runOnlyForDeploymentPostprocessing = 0;
		};
/* End PBXFrameworksBuildPhase section */

/* Begin PBXGroup section */
		89FD3DEE27636A5B00EA8F2F = {
			isa = PBXGroup;
			children = (
				89FD3DF927636A5B00EA8F2F /* Bookworm */,
				89FD3DF827636A5B00EA8F2F /* Products */,
			);
			sourceTree = "<group>";
		};
		89FD3DF827636A5B00EA8F2F /* Products */ = {
			isa = PBXGroup;
			children = (
				89FD3DF727636A5B00EA8F2F /* Bookworm.app */,
			);
			name = Products;
			sourceTree = "<group>";
		};
		89FD3DF927636A5B00EA8F2F /* Bookworm */ = {
			isa = PBXGroup;
			children = (
				89FD3DFA27636A5B00EA8F2F /* BookwormApp.swift */,
				89FD3DFC27636A5B00EA8F2F /* ContentView.swift */,
				89C8BF1D2764C05100C0EFF1 /* EmojiRatingView.swift */,
				89C8BF1F2764C35A00C0EFF1 /* DetailView.swift */,
				89FD3E1427637B6100EA8F2F /* AddBookView.swift */,
				89C8BF1B2764BCD000C0EFF1 /* RatingView.swift */,
				89FD3E0F27636FE200EA8F2F /* Bookworm.xcdatamodeld */,
				89FD3E122763705D00EA8F2F /* DataController.swift */,
				89FD3E0827636A7500EA8F2F /* Example */,
				89FD3DFE27636A5D00EA8F2F /* Assets.xcassets */,
				89FD3E0027636A5D00EA8F2F /* Preview Content */,
			);
			path = Bookworm;
			sourceTree = "<group>";
		};
		89FD3E0027636A5D00EA8F2F /* Preview Content */ = {
			isa = PBXGroup;
			children = (
				89FD3E0127636A5D00EA8F2F /* Preview Assets.xcassets */,
			);
			path = "Preview Content";
			sourceTree = "<group>";
		};
		89FD3E0827636A7500EA8F2F /* Example */ = {
			isa = PBXGroup;
			children = (
				89FD3E0927636AAA00EA8F2F /* CustomView.swift */,
				89FD3E0B27636D8300EA8F2F /* MultiLineView.swift */,
				89FD3E0D27636F2000EA8F2F /* CoreDataView.swift */,
			);
			path = Example;
			sourceTree = "<group>";
		};
/* End PBXGroup section */

/* Begin PBXNativeTarget section */
		89FD3DF627636A5B00EA8F2F /* Bookworm */ = {
			isa = PBXNativeTarget;
			buildConfigurationList = 89FD3E0527636A5D00EA8F2F /* Build configuration list for PBXNativeTarget "Bookworm" */;
			buildPhases = (
				89FD3DF327636A5B00EA8F2F /* Sources */,
				89FD3DF427636A5B00EA8F2F /* Frameworks */,
				89FD3DF527636A5B00EA8F2F /* Resources */,
			);
			buildRules = (
			);
			dependencies = (
			);
			name = Bookworm;
			productName = Bookworm;
			productReference = 89FD3DF727636A5B00EA8F2F /* Bookworm.app */;
			productType = "com.apple.product-type.application";
		};
/* End PBXNativeTarget section */

/* Begin PBXProject section */
		89FD3DEF27636A5B00EA8F2F /* Project object */ = {
			isa = PBXProject;
			attributes = {
				BuildIndependentTargetsInParallel = 1;
				LastSwiftUpdateCheck = 1310;
				LastUpgradeCheck = 1310;
				TargetAttributes = {
					89FD3DF627636A5B00EA8F2F = {
						CreatedOnToolsVersion = 13.1;
					};
				};
			};
			buildConfigurationList = 89FD3DF227636A5B00EA8F2F /* Build configuration list for PBXProject "Bookworm" */;
			compatibilityVersion = "Xcode 13.0";
			developmentRegion = en;
			hasScannedForEncodings = 0;
			knownRegions = (
				en,
				Base,
			);
			mainGroup = 89FD3DEE27636A5B00EA8F2F;
			productRefGroup = 89FD3DF827636A5B00EA8F2F /* Products */;
			projectDirPath = "";
			projectRoot = "";
			targets = (
				89FD3DF627636A5B00EA8F2F /* Bookworm */,
			);
		};
/* End PBXProject section */

/* Begin PBXResourcesBuildPhase section */
		89FD3DF527636A5B00EA8F2F /* Resources */ = {
			isa = PBXResourcesBuildPhase;
			buildActionMask = 2147483647;
			files = (
				89FD3E0227636A5D00EA8F2F /* Preview Assets.xcassets in Resources */,
				89FD3DFF27636A5D00EA8F2F /* Assets.xcassets in Resources */,
			);
			runOnlyForDeploymentPostprocessing = 0;
		};
/* End PBXResourcesBuildPhase section */

/* Begin PBXSourcesBuildPhase section */
		89FD3DF327636A5B00EA8F2F /* Sources */ = {
			isa = PBXSourcesBuildPhase;
			buildActionMask = 2147483647;
			files = (
				89C8BF1E2764C05100C0EFF1 /* EmojiRatingView.swift in Sources */,
				89FD3E132763705D00EA8F2F /* DataController.swift in Sources */,
				89C8BF1C2764BCD000C0EFF1 /* RatingView.swift in Sources */,
				89FD3E0C27636D8300EA8F2F /* MultiLineView.swift in Sources */,
				89FD3E1127636FE200EA8F2F /* Bookworm.xcdatamodeld in Sources */,
				89C8BF202764C35A00C0EFF1 /* DetailView.swift in Sources */,
				89FD3E1527637B6100EA8F2F /* AddBookView.swift in Sources */,
				89FD3E0A27636AAA00EA8F2F /* CustomView.swift in Sources */,
				89FD3DFD27636A5B00EA8F2F /* ContentView.swift in Sources */,
				89FD3DFB27636A5B00EA8F2F /* BookwormApp.swift in Sources */,
				89FD3E0E27636F2000EA8F2F /* CoreDataView.swift in Sources */,
			);
			runOnlyForDeploymentPostprocessing = 0;
		};
/* End PBXSourcesBuildPhase section */

/* Begin XCBuildConfiguration section */
		89FD3E0327636A5D00EA8F2F /* Debug */ = {
			isa = XCBuildConfiguration;
			buildSettings = {
				ALWAYS_SEARCH_USER_PATHS = NO;
				CLANG_ANALYZER_NONNULL = YES;
				CLANG_ANALYZER_NUMBER_OBJECT_CONVERSION = YES_AGGRESSIVE;
				CLANG_CXX_LANGUAGE_STANDARD = "gnu++17";
				CLANG_CXX_LIBRARY = "libc++";
				CLANG_ENABLE_MODULES = YES;
				CLANG_ENABLE_OBJC_ARC = YES;
				CLANG_ENABLE_OBJC_WEAK = YES;
				CLANG_WARN_BLOCK_CAPTURE_AUTORELEASING = YES;
				CLANG_WARN_BOOL_CONVERSION = YES;
				CLANG_WARN_COMMA = YES;
				CLANG_WARN_CONSTANT_CONVERSION = YES;
				CLANG_WARN_DEPRECATED_OBJC_IMPLEMENTATIONS = YES;
				CLANG_WARN_DIRECT_OBJC_ISA_USAGE = YES_ERROR;
				CLANG_WARN_DOCUMENTATION_COMMENTS = YES;
				CLANG_WARN_EMPTY_BODY = YES;
				CLANG_WARN_ENUM_CONVERSION = YES;
				CLANG_WARN_INFINITE_RECURSION = YES;
				CLANG_WARN_INT_CONVERSION = YES;
				CLANG_WARN_NON_LITERAL_NULL_CONVERSION = YES;
				CLANG_WARN_OBJC_IMPLICIT_RETAIN_SELF = YES;
				CLANG_WARN_OBJC_LITERAL_CONVERSION = YES;
				CLANG_WARN_OBJC_ROOT_CLASS = YES_ERROR;
				CLANG_WARN_QUOTED_INCLUDE_IN_FRAMEWORK_HEADER = YES;
				CLANG_WARN_RANGE_LOOP_ANALYSIS = YES;
				CLANG_WARN_STRICT_PROTOTYPES = YES;
				CLANG_WARN_SUSPICIOUS_MOVE = YES;
				CLANG_WARN_UNGUARDED_AVAILABILITY = YES_AGGRESSIVE;
				CLANG_WARN_UNREACHABLE_CODE = YES;
				CLANG_WARN__DUPLICATE_METHOD_MATCH = YES;
				COPY_PHASE_STRIP = NO;
				DEBUG_INFORMATION_FORMAT = dwarf;
				ENABLE_STRICT_OBJC_MSGSEND = YES;
				ENABLE_TESTABILITY = YES;
				GCC_C_LANGUAGE_STANDARD = gnu11;
				GCC_DYNAMIC_NO_PIC = NO;
				GCC_NO_COMMON_BLOCKS = YES;
				GCC_OPTIMIZATION_LEVEL = 0;
				GCC_PREPROCESSOR_DEFINITIONS = (
					"DEBUG=1",
					"$(inherited)",
				);
				GCC_WARN_64_TO_32_BIT_CONVERSION = YES;
				GCC_WARN_ABOUT_RETURN_TYPE = YES_ERROR;
				GCC_WARN_UNDECLARED_SELECTOR = YES;
				GCC_WARN_UNINITIALIZED_AUTOS = YES_AGGRESSIVE;
				GCC_WARN_UNUSED_FUNCTION = YES;
				GCC_WARN_UNUSED_VARIABLE = YES;
				IPHONEOS_DEPLOYMENT_TARGET = 15.0;
				MTL_ENABLE_DEBUG_INFO = INCLUDE_SOURCE;
				MTL_FAST_MATH = YES;
				ONLY_ACTIVE_ARCH = YES;
				SDKROOT = iphoneos;
				SWIFT_ACTIVE_COMPILATION_CONDITIONS = DEBUG;
				SWIFT_OPTIMIZATION_LEVEL = "-Onone";
			};
			name = Debug;
		};
		89FD3E0427636A5D00EA8F2F /* Release */ = {
			isa = XCBuildConfiguration;
			buildSettings = {
				ALWAYS_SEARCH_USER_PATHS = NO;
				CLANG_ANALYZER_NONNULL = YES;
				CLANG_ANALYZER_NUMBER_OBJECT_CONVERSION = YES_AGGRESSIVE;
				CLANG_CXX_LANGUAGE_STANDARD = "gnu++17";
				CLANG_CXX_LIBRARY = "libc++";
				CLANG_ENABLE_MODULES = YES;
				CLANG_ENABLE_OBJC_ARC = YES;
				CLANG_ENABLE_OBJC_WEAK = YES;
				CLANG_WARN_BLOCK_CAPTURE_AUTORELEASING = YES;
				CLANG_WARN_BOOL_CONVERSION = YES;
				CLANG_WARN_COMMA = YES;
				CLANG_WARN_CONSTANT_CONVERSION = YES;
				CLANG_WARN_DEPRECATED_OBJC_IMPLEMENTATIONS = YES;
				CLANG_WARN_DIRECT_OBJC_ISA_USAGE = YES_ERROR;
				CLANG_WARN_DOCUMENTATION_COMMENTS = YES;
				CLANG_WARN_EMPTY_BODY = YES;
				CLANG_WARN_ENUM_CONVERSION = YES;
				CLANG_WARN_INFINITE_RECURSION = YES;
				CLANG_WARN_INT_CONVERSION = YES;
				CLANG_WARN_NON_LITERAL_NULL_CONVERSION = YES;
				CLANG_WARN_OBJC_IMPLICIT_RETAIN_SELF = YES;
				CLANG_WARN_OBJC_LITERAL_CONVERSION = YES;
				CLANG_WARN_OBJC_ROOT_CLASS = YES_ERROR;
				CLANG_WARN_QUOTED_INCLUDE_IN_FRAMEWORK_HEADER = YES;
				CLANG_WARN_RANGE_LOOP_ANALYSIS = YES;
				CLANG_WARN_STRICT_PROTOTYPES = YES;
				CLANG_WARN_SUSPICIOUS_MOVE = YES;
				CLANG_WARN_UNGUARDED_AVAILABILITY = YES_AGGRESSIVE;
				CLANG_WARN_UNREACHABLE_CODE = YES;
				CLANG_WARN__DUPLICATE_METHOD_MATCH = YES;
				COPY_PHASE_STRIP = NO;
				DEBUG_INFORMATION_FORMAT = "dwarf-with-dsym";
				ENABLE_NS_ASSERTIONS = NO;
				ENABLE_STRICT_OBJC_MSGSEND = YES;
				GCC_C_LANGUAGE_STANDARD = gnu11;
				GCC_NO_COMMON_BLOCKS = YES;
				GCC_WARN_64_TO_32_BIT_CONVERSION = YES;
				GCC_WARN_ABOUT_RETURN_TYPE = YES_ERROR;
				GCC_WARN_UNDECLARED_SELECTOR = YES;
				GCC_WARN_UNINITIALIZED_AUTOS = YES_AGGRESSIVE;
				GCC_WARN_UNUSED_FUNCTION = YES;
				GCC_WARN_UNUSED_VARIABLE = YES;
				IPHONEOS_DEPLOYMENT_TARGET = 15.0;
				MTL_ENABLE_DEBUG_INFO = NO;
				MTL_FAST_MATH = YES;
				SDKROOT = iphoneos;
				SWIFT_COMPILATION_MODE = wholemodule;
				SWIFT_OPTIMIZATION_LEVEL = "-O";
				VALIDATE_PRODUCT = YES;
			};
			name = Release;
		};
		89FD3E0627636A5D00EA8F2F /* Debug */ = {
			isa = XCBuildConfiguration;
			buildSettings = {
				ASSETCATALOG_COMPILER_APPICON_NAME = AppIcon;
				ASSETCATALOG_COMPILER_GLOBAL_ACCENT_COLOR_NAME = AccentColor;
				CODE_SIGN_STYLE = Automatic;
				CURRENT_PROJECT_VERSION = 1;
				DEVELOPMENT_ASSET_PATHS = "\"Bookworm/Preview Content\"";
				DEVELOPMENT_TEAM = P5BAPBZ387;
				ENABLE_PREVIEWS = YES;
				GENERATE_INFOPLIST_FILE = YES;
				INFOPLIST_KEY_UIApplicationSceneManifest_Generation = YES;
				INFOPLIST_KEY_UIApplicationSupportsIndirectInputEvents = YES;
				INFOPLIST_KEY_UILaunchScreen_Generation = YES;
				INFOPLIST_KEY_UISupportedInterfaceOrientations = UIInterfaceOrientationPortrait;
				INFOPLIST_KEY_UISupportedInterfaceOrientations_iPad = "UIInterfaceOrientationPortrait UIInterfaceOrientationPortraitUpsideDown UIInterfaceOrientationLandscapeLeft UIInterfaceOrientationLandscapeRight";
				INFOPLIST_KEY_UISupportedInterfaceOrientations_iPhone = "UIInterfaceOrientationPortrait UIInterfaceOrientationLandscapeLeft UIInterfaceOrientationLandscapeRight";
				LD_RUNPATH_SEARCH_PATHS = (
					"$(inherited)",
					"@executable_path/Frameworks",
				);
				MARKETING_VERSION = 1.0;
				PRODUCT_BUNDLE_IDENTIFIER = evilroot.com.Bookworm;
				PRODUCT_NAME = "$(TARGET_NAME)";
				SWIFT_EMIT_LOC_STRINGS = YES;
				SWIFT_VERSION = 5.0;
				TARGETED_DEVICE_FAMILY = 1;
			};
			name = Debug;
		};
		89FD3E0727636A5D00EA8F2F /* Release */ = {
			isa = XCBuildConfiguration;
			buildSettings = {
				ASSETCATALOG_COMPILER_APPICON_NAME = AppIcon;
				ASSETCATALOG_COMPILER_GLOBAL_ACCENT_COLOR_NAME = AccentColor;
				CODE_SIGN_STYLE = Automatic;
				CURRENT_PROJECT_VERSION = 1;
				DEVELOPMENT_ASSET_PATHS = "\"Bookworm/Preview Content\"";
				DEVELOPMENT_TEAM = P5BAPBZ387;
				ENABLE_PREVIEWS = YES;
				GENERATE_INFOPLIST_FILE = YES;
				INFOPLIST_KEY_UIApplicationSceneManifest_Generation = YES;
				INFOPLIST_KEY_UIApplicationSupportsIndirectInputEvents = YES;
				INFOPLIST_KEY_UILaunchScreen_Generation = YES;
				INFOPLIST_KEY_UISupportedInterfaceOrientations = UIInterfaceOrientationPortrait;
				INFOPLIST_KEY_UISupportedInterfaceOrientations_iPad = "UIInterfaceOrientationPortrait UIInterfaceOrientationPortraitUpsideDown UIInterfaceOrientationLandscapeLeft UIInterfaceOrientationLandscapeRight";
				INFOPLIST_KEY_UISupportedInterfaceOrientations_iPhone = "UIInterfaceOrientationPortrait UIInterfaceOrientationLandscapeLeft UIInterfaceOrientationLandscapeRight";
				LD_RUNPATH_SEARCH_PATHS = (
					"$(inherited)",
					"@executable_path/Frameworks",
				);
				MARKETING_VERSION = 1.0;
				PRODUCT_BUNDLE_IDENTIFIER = evilroot.com.Bookworm;
				PRODUCT_NAME = "$(TARGET_NAME)";
				SWIFT_EMIT_LOC_STRINGS = YES;
				SWIFT_VERSION = 5.0;
				TARGETED_DEVICE_FAMILY = 1;
			};
			name = Release;
		};
/* End XCBuildConfiguration section */

/* Begin XCConfigurationList section */
		89FD3DF227636A5B00EA8F2F /* Build configuration list for PBXProject "Bookworm" */ = {
			isa = XCConfigurationList;
			buildConfigurations = (
				89FD3E0327636A5D00EA8F2F /* Debug */,
				89FD3E0427636A5D00EA8F2F /* Release */,
			);
			defaultConfigurationIsVisible = 0;
			defaultConfigurationName = Release;
		};
		89FD3E0527636A5D00EA8F2F /* Build configuration list for PBXNativeTarget "Bookworm" */ = {
			isa = XCConfigurationList;
			buildConfigurations = (
				89FD3E0627636A5D00EA8F2F /* Debug */,
				89FD3E0727636A5D00EA8F2F /* Release */,
			);
			defaultConfigurationIsVisible = 0;
			defaultConfigurationName = Release;
		};
/* End XCConfigurationList section */

/* Begin XCVersionGroup section */
		89FD3E0F27636FE200EA8F2F /* Bookworm.xcdatamodeld */ = {
			isa = XCVersionGroup;
			children = (
				89FD3E1027636FE200EA8F2F /* Bookworm.xcdatamodel */,
			);
			currentVersion = 89FD3E1027636FE200EA8F2F /* Bookworm.xcdatamodel */;
			path = Bookworm.xcdatamodeld;
			sourceTree = "<group>";
			versionGroupType = wrapper.xcdatamodel;
		};
/* End XCVersionGroup section */
	};
	rootObject = 89FD3DEF27636A5B00EA8F2F /* Project object */;
}
